
Microsoft Visual Studio Solution File, Format Version 10.00
# Visual Studio 2008
Project("{D183A3D8-5FD8-494B-B014-37F57B35E655}") = "SSIS", "SSIS\SSIS.dtproj", "{B3AC84E1-0BCB-47C2-9482-10674A575725}"
EndProject
Global
	GlobalSection(SolutionConfigurationPlatforms) = preSolution
		Development|Default = Development|Default
	EndGlobalSection
	GlobalSection(ProjectConfigurationPlatforms) = postSolution
		{B3AC84E1-0BCB-47C2-9482-10674A575725}.Development|Default.ActiveCfg = Development
		{B3AC84E1-0BCB-47C2-9482-10674A575725}.Development|Default.Build.0 = Development
	EndGlobalSection
	GlobalSection(SolutionProperties) = preSolution
		HideSolutionNode = FALSE
	EndGlobalSection
EndGlobal
